// !$*UTF8*$!
{
	archiveVersion = 1;
	classes = {
	};
	objectVersion = 56;
	objects = {

/* Begin PBXBuildFile section */
		655447AF29BE29D10048B99F /* LandmarksApp.swift in Sources */ = {isa = PBXBuildFile; fileRef = 655447AE29BE29D10048B99F /* LandmarksApp.swift */; };
		655447B129BE29D10048B99F /* ContentView.swift in Sources */ = {isa = PBXBuildFile; fileRef = 655447B029BE29D10048B99F /* ContentView.swift */; };
		655447B329BE29D20048B99F /* Assets.xcassets in Resources */ = {isa = PBXBuildFile; fileRef = 655447B229BE29D20048B99F /* Assets.xcassets */; };
		655447B629BE29D20048B99F /* Preview Assets.xcassets in Resources */ = {isa = PBXBuildFile; fileRef = 655447B529BE29D20048B99F /* Preview Assets.xcassets */; };
		655447C029BE29D20048B99F /* LandmarksTests.swift in Sources */ = {isa = PBXBuildFile; fileRef = 655447BF29BE29D20048B99F /* LandmarksTests.swift */; };
		655447CA29BE29D20048B99F /* LandmarksUITests.swift in Sources */ = {isa = PBXBuildFile; fileRef = 655447C929BE29D20048B99F /* LandmarksUITests.swift */; };
		655447CC29BE29D20048B99F /* LandmarksUITestsLaunchTests.swift in Sources */ = {isa = PBXBuildFile; fileRef = 655447CB29BE29D20048B99F /* LandmarksUITestsLaunchTests.swift */; };
		655447D929BE34180048B99F /* CircleImage.swift in Sources */ = {isa = PBXBuildFile; fileRef = 655447D829BE34180048B99F /* CircleImage.swift */; };
		655447DB29BE351D0048B99F /* MapView.swift in Sources */ = {isa = PBXBuildFile; fileRef = 655447DA29BE351D0048B99F /* MapView.swift */; };
		655447DD29BE39FE0048B99F /* landmarkData.json in Resources */ = {isa = PBXBuildFile; fileRef = 655447DC29BE39FE0048B99F /* landmarkData.json */; };
		655447DF29BE3A1F0048B99F /* Landmark.swift in Sources */ = {isa = PBXBuildFile; fileRef = 655447DE29BE3A1F0048B99F /* Landmark.swift */; };
		655447E129BE3B010048B99F /* ModelData.swift in Sources */ = {isa = PBXBuildFile; fileRef = 655447E029BE3B010048B99F /* ModelData.swift */; };
		655447E629BE3D260048B99F /* LandmarkRow.swift in Sources */ = {isa = PBXBuildFile; fileRef = 655447E529BE3D260048B99F /* LandmarkRow.swift */; };
		655A704429C749F100AF1C3E /* LandmarkList.swift in Sources */ = {isa = PBXBuildFile; fileRef = 655A704329C749F100AF1C3E /* LandmarkList.swift */; };
		655A704629C74BF100AF1C3E /* LandmarkDetail.swift in Sources */ = {isa = PBXBuildFile; fileRef = 655A704529C74BF100AF1C3E /* LandmarkDetail.swift */; };
		6563DD1A29E1CF6F00BDFE84 /* FavoriteButton.swift in Sources */ = {isa = PBXBuildFile; fileRef = 6563DD1929E1CF6F00BDFE84 /* FavoriteButton.swift */; };
		6563DD1E29E1D1CB00BDFE84 /* HexagonParameters.swift in Sources */ = {isa = PBXBuildFile; fileRef = 6563DD1D29E1D1CB00BDFE84 /* HexagonParameters.swift */; };
/* End PBXBuildFile section */

/* Begin PBXContainerItemProxy section */
		655447BC29BE29D20048B99F /* PBXContainerItemProxy */ = {
			isa = PBXContainerItemProxy;
			containerPortal = 655447A329BE29D10048B99F /* Project object */;
			proxyType = 1;
			remoteGlobalIDString = 655447AA29BE29D10048B99F;
			remoteInfo = Landmarks;
		};
		655447C629BE29D20048B99F /* PBXContainerItemProxy */ = {
			isa = PBXContainerItemProxy;
			containerPortal = 655447A329BE29D10048B99F /* Project object */;
			proxyType = 1;
			remoteGlobalIDString = 655447AA29BE29D10048B99F;
			remoteInfo = Landmarks;
		};
/* End PBXContainerItemProxy section */

/* Begin PBXFileReference section */
		655447AB29BE29D10048B99F /* Landmarks.app */ = {isa = PBXFileReference; explicitFileType = wrapper.application; includeInIndex = 0; path = Landmarks.app; sourceTree = BUILT_PRODUCTS_DIR; };
		655447AE29BE29D10048B99F /* LandmarksApp.swift */ = {isa = PBXFileReference; lastKnownFileType = sourcecode.swift; path = LandmarksApp.swift; sourceTree = "<group>"; };
		655447B029BE29D10048B99F /* ContentView.swift */ = {isa = PBXFileReference; lastKnownFileType = sourcecode.swift; path = ContentView.swift; sourceTree = "<group>"; };
		655447B229BE29D20048B99F /* Assets.xcassets */ = {isa = PBXFileReference; lastKnownFileType = folder.assetcatalog; path = Assets.xcassets; sourceTree = "<group>"; };
		655447B529BE29D20048B99F /* Preview Assets.xcassets */ = {isa = PBXFileReference; lastKnownFileType = folder.assetcatalog; path = "Preview Assets.xcassets"; sourceTree = "<group>"; };
		655447BB29BE29D20048B99F /* LandmarksTests.xctest */ = {isa = PBXFileReference; explicitFileType = wrapper.cfbundle; includeInIndex = 0; path = LandmarksTests.xctest; sourceTree = BUILT_PRODUCTS_DIR; };
		655447BF29BE29D20048B99F /* LandmarksTests.swift */ = {isa = PBXFileReference; lastKnownFileType = sourcecode.swift; path = LandmarksTests.swift; sourceTree = "<group>"; };
		655447C529BE29D20048B99F /* LandmarksUITests.xctest */ = {isa = PBXFileReference; explicitFileType = wrapper.cfbundle; includeInIndex = 0; path = LandmarksUITests.xctest; sourceTree = BUILT_PRODUCTS_DIR; };
		655447C929BE29D20048B99F /* LandmarksUITests.swift */ = {isa = PBXFileReference; lastKnownFileType = sourcecode.swift; path = LandmarksUITests.swift; sourceTree = "<group>"; };
		655447CB29BE29D20048B99F /* LandmarksUITestsLaunchTests.swift */ = {isa = PBXFileReference; lastKnownFileType = sourcecode.swift; path = LandmarksUITestsLaunchTests.swift; sourceTree = "<group>"; };
		655447D829BE34180048B99F /* CircleImage.swift */ = {isa = PBXFileReference; lastKnownFileType = sourcecode.swift; path = CircleImage.swift; sourceTree = "<group>"; };
		655447DA29BE351D0048B99F /* MapView.swift */ = {isa = PBXFileReference; lastKnownFileType = sourcecode.swift; path = MapView.swift; sourceTree = "<group>"; };
		655447DC29BE39FE0048B99F /* landmarkData.json */ = {isa = PBXFileReference; fileEncoding = 4; lastKnownFileType = text.json; path = landmarkData.json; sourceTree = "<group>"; };
		655447DE29BE3A1F0048B99F /* Landmark.swift */ = {isa = PBXFileReference; lastKnownFileType = sourcecode.swift; path = Landmark.swift; sourceTree = "<group>"; };
		655447E029BE3B010048B99F /* ModelData.swift */ = {isa = PBXFileReference; lastKnownFileType = sourcecode.swift; path = ModelData.swift; sourceTree = "<group>"; };
		655447E529BE3D260048B99F /* LandmarkRow.swift */ = {isa = PBXFileReference; lastKnownFileType = sourcecode.swift; path = LandmarkRow.swift; sourceTree = "<group>"; };
		655A704329C749F100AF1C3E /* LandmarkList.swift */ = {isa = PBXFileReference; lastKnownFileType = sourcecode.swift; path = LandmarkList.swift; sourceTree = "<group>"; };
		655A704529C74BF100AF1C3E /* LandmarkDetail.swift */ = {isa = PBXFileReference; lastKnownFileType = sourcecode.swift; path = LandmarkDetail.swift; sourceTree = "<group>"; };
		6563DD1929E1CF6F00BDFE84 /* FavoriteButton.swift */ = {isa = PBXFileReference; lastKnownFileType = sourcecode.swift; path = FavoriteButton.swift; sourceTree = "<group>"; };
		6563DD1D29E1D1CB00BDFE84 /* HexagonParameters.swift */ = {isa = PBXFileReference; lastKnownFileType = sourcecode.swift; path = HexagonParameters.swift; sourceTree = "<group>"; };
/* End PBXFileReference section */

/* Begin PBXFrameworksBuildPhase section */
		655447A829BE29D10048B99F /* Frameworks */ = {
			isa = PBXFrameworksBuildPhase;
			buildActionMask = 2147483647;
			files = (
			);
			runOnlyForDeploymentPostprocessing = 0;
		};
		655447B829BE29D20048B99F /* Frameworks */ = {
			isa = PBXFrameworksBuildPhase;
			buildActionMask = 2147483647;
			files = (
			);
			runOnlyForDeploymentPostprocessing = 0;
		};
		655447C229BE29D20048B99F /* Frameworks */ = {
			isa = PBXFrameworksBuildPhase;
			buildActionMask = 2147483647;
			files = (
			);
			runOnlyForDeploymentPostprocessing = 0;
		};
/* End PBXFrameworksBuildPhase section */

/* Begin PBXGroup section */
		655447A229BE29D10048B99F = {
			isa = PBXGroup;
			children = (
				655447AD29BE29D10048B99F /* Landmarks */,
				655447BE29BE29D20048B99F /* LandmarksTests */,
				655447C829BE29D20048B99F /* LandmarksUITests */,
				655447AC29BE29D10048B99F /* Products */,
			);
			sourceTree = "<group>";
		};
		655447AC29BE29D10048B99F /* Products */ = {
			isa = PBXGroup;
			children = (
				655447AB29BE29D10048B99F /* Landmarks.app */,
				655447BB29BE29D20048B99F /* LandmarksTests.xctest */,
				655447C529BE29D20048B99F /* LandmarksUITests.xctest */,
			);
			name = Products;
			sourceTree = "<group>";
		};
		655447AD29BE29D10048B99F /* Landmarks */ = {
			isa = PBXGroup;
			children = (
				655447AE29BE29D10048B99F /* LandmarksApp.swift */,
				655447E229BE3BCE0048B99F /* Views */,
				655447E329BE3BE50048B99F /* Model */,
				655447B229BE29D20048B99F /* Assets.xcassets */,
				655447B429BE29D20048B99F /* Preview Content */,
			);
			path = Landmarks;
			sourceTree = "<group>";
		};
		655447B429BE29D20048B99F /* Preview Content */ = {
			isa = PBXGroup;
			children = (
				655447B529BE29D20048B99F /* Preview Assets.xcassets */,
			);
			path = "Preview Content";
			sourceTree = "<group>";
		};
		655447BE29BE29D20048B99F /* LandmarksTests */ = {
			isa = PBXGroup;
			children = (
				655447BF29BE29D20048B99F /* LandmarksTests.swift */,
			);
			path = LandmarksTests;
			sourceTree = "<group>";
		};
		655447C829BE29D20048B99F /* LandmarksUITests */ = {
			isa = PBXGroup;
			children = (
				655447C929BE29D20048B99F /* LandmarksUITests.swift */,
				655447CB29BE29D20048B99F /* LandmarksUITestsLaunchTests.swift */,
			);
			path = LandmarksUITests;
			sourceTree = "<group>";
		};
		655447E229BE3BCE0048B99F /* Views */ = {
			isa = PBXGroup;
			children = (
				655447B029BE29D10048B99F /* ContentView.swift */,
				6563DD1C29E1D02900BDFE84 /* Landmarks */,
				6563DD1B29E1D01300BDFE84 /* Helpers */,
				6563DD1D29E1D1CB00BDFE84 /* HexagonParameters.swift */,
			);
			path = Views;
			sourceTree = "<group>";
		};
		655447E329BE3BE50048B99F /* Model */ = {
			isa = PBXGroup;
			children = (
				655447DE29BE3A1F0048B99F /* Landmark.swift */,
				655447E029BE3B010048B99F /* ModelData.swift */,
				655447E429BE3BF70048B99F /* Resources */,
			);
			path = Model;
			sourceTree = "<group>";
		};
		655447E429BE3BF70048B99F /* Resources */ = {
			isa = PBXGroup;
			children = (
				655447DC29BE39FE0048B99F /* landmarkData.json */,
			);
			path = Resources;
			sourceTree = "<group>";
		};
		6563DD1B29E1D01300BDFE84 /* Helpers */ = {
			isa = PBXGroup;
			children = (
				6563DD1929E1CF6F00BDFE84 /* FavoriteButton.swift */,
				655447D829BE34180048B99F /* CircleImage.swift */,
				655447DA29BE351D0048B99F /* MapView.swift */,
			);
			path = Helpers;
			sourceTree = "<group>";
		};
		6563DD1C29E1D02900BDFE84 /* Landmarks */ = {
			isa = PBXGroup;
			children = (
				655447E529BE3D260048B99F /* LandmarkRow.swift */,
				655A704329C749F100AF1C3E /* LandmarkList.swift */,
				655A704529C74BF100AF1C3E /* LandmarkDetail.swift */,
			);
			path = Landmarks;
			sourceTree = "<group>";
		};
/* End PBXGroup section */

/* Begin PBXNativeTarget section */
		655447AA29BE29D10048B99F /* Landmarks */ = {
			isa = PBXNativeTarget;
			buildConfigurationList = 655447CF29BE29D20048B99F /* Build configuration list for PBXNativeTarget "Landmarks" */;
			buildPhases = (
				655447A729BE29D10048B99F /* Sources */,
				655447A829BE29D10048B99F /* Frameworks */,
				655447A929BE29D10048B99F /* Resources */,
			);
			buildRules = (
			);
			dependencies = (
			);
			name = Landmarks;
			productName = Landmarks;
			productReference = 655447AB29BE29D10048B99F /* Landmarks.app */;
			productType = "com.apple.product-type.application";
		};
		655447BA29BE29D20048B99F /* LandmarksTests */ = {
			isa = PBXNativeTarget;
			buildConfigurationList = 655447D229BE29D20048B99F /* Build configuration list for PBXNativeTarget "LandmarksTests" */;
			buildPhases = (
				655447B729BE29D20048B99F /* Sources */,
				655447B829BE29D20048B99F /* Frameworks */,
				655447B929BE29D20048B99F /* Resources */,
			);
			buildRules = (
			);
			dependencies = (
				655447BD29BE29D20048B99F /* PBXTargetDependency */,
			);
			name = LandmarksTests;
			productName = LandmarksTests;
			productReference = 655447BB29BE29D20048B99F /* LandmarksTests.xctest */;
			productType = "com.apple.product-type.bundle.unit-test";
		};
		655447C429BE29D20048B99F /* LandmarksUITests */ = {
			isa = PBXNativeTarget;
			buildConfigurationList = 655447D529BE29D20048B99F /* Build configuration list for PBXNativeTarget "LandmarksUITests" */;
			buildPhases = (
				655447C129BE29D20048B99F /* Sources */,
				655447C229BE29D20048B99F /* Frameworks */,
				655447C329BE29D20048B99F /* Resources */,
			);
			buildRules = (
			);
			dependencies = (
				655447C729BE29D20048B99F /* PBXTargetDependency */,
			);
			name = LandmarksUITests;
			productName = LandmarksUITests;
			productReference = 655447C529BE29D20048B99F /* LandmarksUITests.xctest */;
			productType = "com.apple.product-type.bundle.ui-testing";
		};
/* End PBXNativeTarget section */

/* Begin PBXProject section */
		655447A329BE29D10048B99F /* Project object */ = {
			isa = PBXProject;
			attributes = {
				BuildIndependentTargetsInParallel = 1;
				LastSwiftUpdateCheck = 1420;
				LastUpgradeCheck = 1420;
				TargetAttributes = {
					655447AA29BE29D10048B99F = {
						CreatedOnToolsVersion = 14.2;
					};
					655447BA29BE29D20048B99F = {
						CreatedOnToolsVersion = 14.2;
						TestTargetID = 655447AA29BE29D10048B99F;
					};
					655447C429BE29D20048B99F = {
						CreatedOnToolsVersion = 14.2;
						TestTargetID = 655447AA29BE29D10048B99F;
					};
				};
			};
			buildConfigurationList = 655447A629BE29D10048B99F /* Build configuration list for PBXProject "Landmarks" */;
			compatibilityVersion = "Xcode 14.0";
			developmentRegion = en;
			hasScannedForEncodings = 0;
			knownRegions = (
				en,
				Base,
			);
			mainGroup = 655447A229BE29D10048B99F;
			productRefGroup = 655447AC29BE29D10048B99F /* Products */;
			projectDirPath = "";
			projectRoot = "";
			targets = (
				655447AA29BE29D10048B99F /* Landmarks */,
				655447BA29BE29D20048B99F /* LandmarksTests */,
				655447C429BE29D20048B99F /* LandmarksUITests */,
			);
		};
/* End PBXProject section */

/* Begin PBXResourcesBuildPhase section */
		655447A929BE29D10048B99F /* Resources */ = {
			isa = PBXResourcesBuildPhase;
			buildActionMask = 2147483647;
			files = (
				655447B629BE29D20048B99F /* Preview Assets.xcassets in Resources */,
				655447B329BE29D20048B99F /* Assets.xcassets in Resources */,
				655447DD29BE39FE0048B99F /* landmarkData.json in Resources */,
			);
			runOnlyForDeploymentPostprocessing = 0;
		};
		655447B929BE29D20048B99F /* Resources */ = {
			isa = PBXResourcesBuildPhase;
			buildActionMask = 2147483647;
			files = (
			);
			runOnlyForDeploymentPostprocessing = 0;
		};
		655447C329BE29D20048B99F /* Resources */ = {
			isa = PBXResourcesBuildPhase;
			buildActionMask = 2147483647;
			files = (
			);
			runOnlyForDeploymentPostprocessing = 0;
		};
/* End PBXResourcesBuildPhase section */

/* Begin PBXSourcesBuildPhase section */
		655447A729BE29D10048B99F /* Sources */ = {
			isa = PBXSourcesBuildPhase;
			buildActionMask = 2147483647;
			files = (
				655447B129BE29D10048B99F /* ContentView.swift in Sources */,
				655447DB29BE351D0048B99F /* MapView.swift in Sources */,
				655447AF29BE29D10048B99F /* LandmarksApp.swift in Sources */,
				6563DD1A29E1CF6F00BDFE84 /* FavoriteButton.swift in Sources */,
				6563DD1E29E1D1CB00BDFE84 /* HexagonParameters.swift in Sources */,
				655A704429C749F100AF1C3E /* LandmarkList.swift in Sources */,
				655A704629C74BF100AF1C3E /* LandmarkDetail.swift in Sources */,
				655447D929BE34180048B99F /* CircleImage.swift in Sources */,
				655447DF29BE3A1F0048B99F /* Landmark.swift in Sources */,
				655447E629BE3D260048B99F /* LandmarkRow.swift in Sources */,
				655447E129BE3B010048B99F /* ModelData.swift in Sources */,
			);
			runOnlyForDeploymentPostprocessing = 0;
		};
		655447B729BE29D20048B99F /* Sources */ = {
			isa = PBXSourcesBuildPhase;
			buildActionMask = 2147483647;
			files = (
				655447C029BE29D20048B99F /* LandmarksTests.swift in Sources */,
			);
			runOnlyForDeploymentPostprocessing = 0;
		};
		655447C129BE29D20048B99F /* Sources */ = {
			isa = PBXSourcesBuildPhase;
			buildActionMask = 2147483647;
			files = (
				655447CC29BE29D20048B99F /* LandmarksUITestsLaunchTests.swift in Sources */,
				655447CA29BE29D20048B99F /* LandmarksUITests.swift in Sources */,
			);
			runOnlyForDeploymentPostprocessing = 0;
		};
/* End PBXSourcesBuildPhase section */

/* Begin PBXTargetDependency section */
		655447BD29BE29D20048B99F /* PBXTargetDependency */ = {
			isa = PBXTargetDependency;
			target = 655447AA29BE29D10048B99F /* Landmarks */;
			targetProxy = 655447BC29BE29D20048B99F /* PBXContainerItemProxy */;
		};
		655447C729BE29D20048B99F /* PBXTargetDependency */ = {
			isa = PBXTargetDependency;
			target = 655447AA29BE29D10048B99F /* Landmarks */;
			targetProxy = 655447C629BE29D20048B99F /* PBXContainerItemProxy */;
		};
/* End PBXTargetDependency section */

/* Begin XCBuildConfiguration section */
		655447CD29BE29D20048B99F /* Debug */ = {
			isa = XCBuildConfiguration;
			buildSettings = {
				ALWAYS_SEARCH_USER_PATHS = NO;
				CLANG_ANALYZER_NONNULL = YES;
				CLANG_ANALYZER_NUMBER_OBJECT_CONVERSION = YES_AGGRESSIVE;
				CLANG_CXX_LANGUAGE_STANDARD = "gnu++20";
				CLANG_ENABLE_MODULES = YES;
				CLANG_ENABLE_OBJC_ARC = YES;
				CLANG_ENABLE_OBJC_WEAK = YES;
				CLANG_WARN_BLOCK_CAPTURE_AUTORELEASING = YES;
				CLANG_WARN_BOOL_CONVERSION = YES;
				CLANG_WARN_COMMA = YES;
				CLANG_WARN_CONSTANT_CONVERSION = YES;
				CLANG_WARN_DEPRECATED_OBJC_IMPLEMENTATIONS = YES;
				CLANG_WARN_DIRECT_OBJC_ISA_USAGE = YES_ERROR;
				CLANG_WARN_DOCUMENTATION_COMMENTS = YES;
				CLANG_WARN_EMPTY_BODY = YES;
				CLANG_WARN_ENUM_CONVERSION = YES;
				CLANG_WARN_INFINITE_RECURSION = YES;
				CLANG_WARN_INT_CONVERSION = YES;
				CLANG_WARN_NON_LITERAL_NULL_CONVERSION = YES;
				CLANG_WARN_OBJC_IMPLICIT_RETAIN_SELF = YES;
				CLANG_WARN_OBJC_LITERAL_CONVERSION = YES;
				CLANG_WARN_OBJC_ROOT_CLASS = YES_ERROR;
				CLANG_WARN_QUOTED_INCLUDE_IN_FRAMEWORK_HEADER = YES;
				CLANG_WARN_RANGE_LOOP_ANALYSIS = YES;
				CLANG_WARN_STRICT_PROTOTYPES = YES;
				CLANG_WARN_SUSPICIOUS_MOVE = YES;
				CLANG_WARN_UNGUARDED_AVAILABILITY = YES_AGGRESSIVE;
				CLANG_WARN_UNREACHABLE_CODE = YES;
				CLANG_WARN__DUPLICATE_METHOD_MATCH = YES;
				COPY_PHASE_STRIP = NO;
				DEBUG_INFORMATION_FORMAT = dwarf;
				ENABLE_STRICT_OBJC_MSGSEND = YES;
				ENABLE_TESTABILITY = YES;
				GCC_C_LANGUAGE_STANDARD = gnu11;
				GCC_DYNAMIC_NO_PIC = NO;
				GCC_NO_COMMON_BLOCKS = YES;
				GCC_OPTIMIZATION_LEVEL = 0;
				GCC_PREPROCESSOR_DEFINITIONS = (
					"DEBUG=1",
					"$(inherited)",
				);
				GCC_WARN_64_TO_32_BIT_CONVERSION = YES;
				GCC_WARN_ABOUT_RETURN_TYPE = YES_ERROR;
				GCC_WARN_UNDECLARED_SELECTOR = YES;
				GCC_WARN_UNINITIALIZED_AUTOS = YES_AGGRESSIVE;
				GCC_WARN_UNUSED_FUNCTION = YES;
				GCC_WARN_UNUSED_VARIABLE = YES;
				IPHONEOS_DEPLOYMENT_TARGET = 16.2;
				MTL_ENABLE_DEBUG_INFO = INCLUDE_SOURCE;
				MTL_FAST_MATH = YES;
				ONLY_ACTIVE_ARCH = YES;
				SDKROOT = iphoneos;
				SWIFT_ACTIVE_COMPILATION_CONDITIONS = DEBUG;
				SWIFT_OPTIMIZATION_LEVEL = "-Onone";
			};
			name = Debug;
		};
		655447CE29BE29D20048B99F /* Release */ = {
			isa = XCBuildConfiguration;
			buildSettings = {
				ALWAYS_SEARCH_USER_PATHS = NO;
				CLANG_ANALYZER_NONNULL = YES;
				CLANG_ANALYZER_NUMBER_OBJECT_CONVERSION = YES_AGGRESSIVE;
				CLANG_CXX_LANGUAGE_STANDARD = "gnu++20";
				CLANG_ENABLE_MODULES = YES;
				CLANG_ENABLE_OBJC_ARC = YES;
				CLANG_ENABLE_OBJC_WEAK = YES;
				CLANG_WARN_BLOCK_CAPTURE_AUTORELEASING = YES;
				CLANG_WARN_BOOL_CONVERSION = YES;
				CLANG_WARN_COMMA = YES;
				CLANG_WARN_CONSTANT_CONVERSION = YES;
				CLANG_WARN_DEPRECATED_OBJC_IMPLEMENTATIONS = YES;
				CLANG_WARN_DIRECT_OBJC_ISA_USAGE = YES_ERROR;
				CLANG_WARN_DOCUMENTATION_COMMENTS = YES;
				CLANG_WARN_EMPTY_BODY = YES;
				CLANG_WARN_ENUM_CONVERSION = YES;
				CLANG_WARN_INFINITE_RECURSION = YES;
				CLANG_WARN_INT_CONVERSION = YES;
				CLANG_WARN_NON_LITERAL_NULL_CONVERSION = YES;
				CLANG_WARN_OBJC_IMPLICIT_RETAIN_SELF = YES;
				CLANG_WARN_OBJC_LITERAL_CONVERSION = YES;
				CLANG_WARN_OBJC_ROOT_CLASS = YES_ERROR;
				CLANG_WARN_QUOTED_INCLUDE_IN_FRAMEWORK_HEADER = YES;
				CLANG_WARN_RANGE_LOOP_ANALYSIS = YES;
				CLANG_WARN_STRICT_PROTOTYPES = YES;
				CLANG_WARN_SUSPICIOUS_MOVE = YES;
				CLANG_WARN_UNGUARDED_AVAILABILITY = YES_AGGRESSIVE;
				CLANG_WARN_UNREACHABLE_CODE = YES;
				CLANG_WARN__DUPLICATE_METHOD_MATCH = YES;
				COPY_PHASE_STRIP = NO;
				DEBUG_INFORMATION_FORMAT = "dwarf-with-dsym";
				ENABLE_NS_ASSERTIONS = NO;
				ENABLE_STRICT_OBJC_MSGSEND = YES;
				GCC_C_LANGUAGE_STANDARD = gnu11;
				GCC_NO_COMMON_BLOCKS = YES;
				GCC_WARN_64_TO_32_BIT_CONVERSION = YES;
				GCC_WARN_ABOUT_RETURN_TYPE = YES_ERROR;
				GCC_WARN_UNDECLARED_SELECTOR = YES;
				GCC_WARN_UNINITIALIZED_AUTOS = YES_AGGRESSIVE;
				GCC_WARN_UNUSED_FUNCTION = YES;
				GCC_WARN_UNUSED_VARIABLE = YES;
				IPHONEOS_DEPLOYMENT_TARGET = 16.2;
				MTL_ENABLE_DEBUG_INFO = NO;
				MTL_FAST_MATH = YES;
				SDKROOT = iphoneos;
				SWIFT_COMPILATION_MODE = wholemodule;
				SWIFT_OPTIMIZATION_LEVEL = "-O";
				VALIDATE_PRODUCT = YES;
			};
			name = Release;
		};
		655447D029BE29D20048B99F /* Debug */ = {
			isa = XCBuildConfiguration;
			buildSettings = {
				ASSETCATALOG_COMPILER_APPICON_NAME = AppIcon;
				ASSETCATALOG_COMPILER_GLOBAL_ACCENT_COLOR_NAME = AccentColor;
				CODE_SIGN_STYLE = Automatic;
				CURRENT_PROJECT_VERSION = 1;
				DEVELOPMENT_ASSET_PATHS = "\"Landmarks/Preview Content\"";
				DEVELOPMENT_TEAM = XZR55M7974;
				ENABLE_PREVIEWS = YES;
				GENERATE_INFOPLIST_FILE = YES;
				INFOPLIST_KEY_UIApplicationSceneManifest_Generation = YES;
				INFOPLIST_KEY_UIApplicationSupportsIndirectInputEvents = YES;
				INFOPLIST_KEY_UILaunchScreen_Generation = YES;
				INFOPLIST_KEY_UISupportedInterfaceOrientations_iPad = "UIInterfaceOrientationPortrait UIInterfaceOrientationPortraitUpsideDown UIInterfaceOrientationLandscapeLeft UIInterfaceOrientationLandscapeRight";
				INFOPLIST_KEY_UISupportedInterfaceOrientations_iPhone = "UIInterfaceOrientationPortrait UIInterfaceOrientationLandscapeLeft UIInterfaceOrientationLandscapeRight";
				LD_RUNPATH_SEARCH_PATHS = (
					"$(inherited)",
					"@executable_path/Frameworks",
				);
				MARKETING_VERSION = 1.0;
				PRODUCT_BUNDLE_IDENTIFIER = playground.Landmarks;
				PRODUCT_NAME = "$(TARGET_NAME)";
				SWIFT_EMIT_LOC_STRINGS = YES;
				SWIFT_VERSION = 5.0;
				TARGETED_DEVICE_FAMILY = "1,2";
			};
			name = Debug;
		};
		655447D129BE29D20048B99F /* Release */ = {
			isa = XCBuildConfiguration;
			buildSettings = {
				ASSETCATALOG_COMPILER_APPICON_NAME = AppIcon;
				ASSETCATALOG_COMPILER_GLOBAL_ACCENT_COLOR_NAME = AccentColor;
				CODE_SIGN_STYLE = Automatic;
				CURRENT_PROJECT_VERSION = 1;
				DEVELOPMENT_ASSET_PATHS = "\"Landmarks/Preview Content\"";
				DEVELOPMENT_TEAM = XZR55M7974;
				ENABLE_PREVIEWS = YES;
				GENERATE_INFOPLIST_FILE = YES;
				INFOPLIST_KEY_UIApplicationSceneManifest_Generation = YES;
				INFOPLIST_KEY_UIApplicationSupportsIndirectInputEvents = YES;
				INFOPLIST_KEY_UILaunchScreen_Generation = YES;
				INFOPLIST_KEY_UISupportedInterfaceOrientations_iPad = "UIInterfaceOrientationPortrait UIInterfaceOrientationPortraitUpsideDown UIInterfaceOrientationLandscapeLeft UIInterfaceOrientationLandscapeRight";
				INFOPLIST_KEY_UISupportedInterfaceOrientations_iPhone = "UIInterfaceOrientationPortrait UIInterfaceOrientationLandscapeLeft UIInterfaceOrientationLandscapeRight";
				LD_RUNPATH_SEARCH_PATHS = (
					"$(inherited)",
					"@executable_path/Frameworks",
				);
				MARKETING_VERSION = 1.0;
				PRODUCT_BUNDLE_IDENTIFIER = playground.Landmarks;
				PRODUCT_NAME = "$(TARGET_NAME)";
				SWIFT_EMIT_LOC_STRINGS = YES;
				SWIFT_VERSION = 5.0;
				TARGETED_DEVICE_FAMILY = "1,2";
			};
			name = Release;
		};
		655447D329BE29D20048B99F /* Debug */ = {
			isa = XCBuildConfiguration;
			buildSettings = {
				ALWAYS_EMBED_SWIFT_STANDARD_LIBRARIES = YES;
				BUNDLE_LOADER = "$(TEST_HOST)";
				CODE_SIGN_STYLE = Automatic;
				CURRENT_PROJECT_VERSION = 1;
				DEVELOPMENT_TEAM = XZR55M7974;
				GENERATE_INFOPLIST_FILE = YES;
				IPHONEOS_DEPLOYMENT_TARGET = 16.2;
				MARKETING_VERSION = 1.0;
				PRODUCT_BUNDLE_IDENTIFIER = playground.LandmarksTests;
				PRODUCT_NAME = "$(TARGET_NAME)";
				SWIFT_EMIT_LOC_STRINGS = NO;
				SWIFT_VERSION = 5.0;
				TARGETED_DEVICE_FAMILY = "1,2";
				TEST_HOST = "$(BUILT_PRODUCTS_DIR)/Landmarks.app/$(BUNDLE_EXECUTABLE_FOLDER_PATH)/Landmarks";
			};
			name = Debug;
		};
		655447D429BE29D20048B99F /* Release */ = {
			isa = XCBuildConfiguration;
			buildSettings = {
				ALWAYS_EMBED_SWIFT_STANDARD_LIBRARIES = YES;
				BUNDLE_LOADER = "$(TEST_HOST)";
				CODE_SIGN_STYLE = Automatic;
				CURRENT_PROJECT_VERSION = 1;
				DEVELOPMENT_TEAM = XZR55M7974;
				GENERATE_INFOPLIST_FILE = YES;
				IPHONEOS_DEPLOYMENT_TARGET = 16.2;
				MARKETING_VERSION = 1.0;
				PRODUCT_BUNDLE_IDENTIFIER = playground.LandmarksTests;
				PRODUCT_NAME = "$(TARGET_NAME)";
				SWIFT_EMIT_LOC_STRINGS = NO;
				SWIFT_VERSION = 5.0;
				TARGETED_DEVICE_FAMILY = "1,2";
				TEST_HOST = "$(BUILT_PRODUCTS_DIR)/Landmarks.app/$(BUNDLE_EXECUTABLE_FOLDER_PATH)/Landmarks";
			};
			name = Release;
		};
		655447D629BE29D20048B99F /* Debug */ = {
			isa = XCBuildConfiguration;
			buildSettings = {
				ALWAYS_EMBED_SWIFT_STANDARD_LIBRARIES = YES;
				CODE_SIGN_STYLE = Automatic;
				CURRENT_PROJECT_VERSION = 1;
				DEVELOPMENT_TEAM = XZR55M7974;
				GENERATE_INFOPLIST_FILE = YES;
				MARKETING_VERSION = 1.0;
				PRODUCT_BUNDLE_IDENTIFIER = playground.LandmarksUITests;
				PRODUCT_NAME = "$(TARGET_NAME)";
				SWIFT_EMIT_LOC_STRINGS = NO;
				SWIFT_VERSION = 5.0;
				TARGETED_DEVICE_FAMILY = "1,2";
				TEST_TARGET_NAME = Landmarks;
			};
			name = Debug;
		};
		655447D729BE29D20048B99F /* Release */ = {
			isa = XCBuildConfiguration;
			buildSettings = {
				ALWAYS_EMBED_SWIFT_STANDARD_LIBRARIES = YES;
				CODE_SIGN_STYLE = Automatic;
				CURRENT_PROJECT_VERSION = 1;
				DEVELOPMENT_TEAM = XZR55M7974;
				GENERATE_INFOPLIST_FILE = YES;
				MARKETING_VERSION = 1.0;
				PRODUCT_BUNDLE_IDENTIFIER = playground.LandmarksUITests;
				PRODUCT_NAME = "$(TARGET_NAME)";
				SWIFT_EMIT_LOC_STRINGS = NO;
				SWIFT_VERSION = 5.0;
				TARGETED_DEVICE_FAMILY = "1,2";
				TEST_TARGET_NAME = Landmarks;
			};
			name = Release;
		};
/* End XCBuildConfiguration section */

/* Begin XCConfigurationList section */
		655447A629BE29D10048B99F /* Build configuration list for PBXProject "Landmarks" */ = {
			isa = XCConfigurationList;
			buildConfigurations = (
				655447CD29BE29D20048B99F /* Debug */,
				655447CE29BE29D20048B99F /* Release */,
			);
			defaultConfigurationIsVisible = 0;
			defaultConfigurationName = Release;
		};
		655447CF29BE29D20048B99F /* Build configuration list for PBXNativeTarget "Landmarks" */ = {
			isa = XCConfigurationList;
			buildConfigurations = (
				655447D029BE29D20048B99F /* Debug */,
				655447D129BE29D20048B99F /* Release */,
			);
			defaultConfigurationIsVisible = 0;
			defaultConfigurationName = Release;
		};
		655447D229BE29D20048B99F /* Build configuration list for PBXNativeTarget "LandmarksTests" */ = {
			isa = XCConfigurationList;
			buildConfigurations = (
				655447D329BE29D20048B99F /* Debug */,
				655447D429BE29D20048B99F /* Release */,
			);
			defaultConfigurationIsVisible = 0;
			defaultConfigurationName = Release;
		};
		655447D529BE29D20048B99F /* Build configuration list for PBXNativeTarget "LandmarksUITests" */ = {
			isa = XCConfigurationList;
			buildConfigurations = (
				655447D629BE29D20048B99F /* Debug */,
				655447D729BE29D20048B99F /* Release */,
			);
			defaultConfigurationIsVisible = 0;
			defaultConfigurationName = Release;
		};
/* End XCConfigurationList section */
	};
	rootObject = 655447A329BE29D10048B99F /* Project object */;
}
